
Microsoft Visual Studio Solution File, Format Version 12.00
# Visual Studio Version 16
VisualStudioVersion = 16.0.30413.136
MinimumVisualStudioVersion = 10.0.40219.1
Project("{9A19103F-16F7-4668-BE54-9A1E7A4F7556}") = "ProgramacionWebU4Seguridad", "ProgramacionWebU4Seguridad\ProgramacionWebU4Seguridad.csproj", "{2485C159-BB63-4EA9-B828-5791237A7FEE}"
EndProject
Project("{9A19103F-16F7-4668-BE54-9A1E7A4F7556}") = "Actividad1.ControlDeCuentasDeUsuario", "Actividad1.ControlDeCuentasDeUsuario\Actividad1.ControlDeCuentasDeUsuario.csproj", "{55E538AD-54B2-4990-AF85-C79762D42334}"
EndProject
Global
	GlobalSection(SolutionConfigurationPlatforms) = preSolution
		Debug|Any CPU = Debug|Any CPU
		Release|Any CPU = Release|Any CPU
	EndGlobalSection
	GlobalSection(ProjectConfigurationPlatforms) = postSolution
		{2485C159-BB63-4EA9-B828-5791237A7FEE}.Debug|Any CPU.ActiveCfg = Debug|Any CPU
		{2485C159-BB63-4EA9-B828-5791237A7FEE}.Debug|Any CPU.Build.0 = Debug|Any CPU
		{2485C159-BB63-4EA9-B828-5791237A7FEE}.Release|Any CPU.ActiveCfg = Release|Any CPU
		{2485C159-BB63-4EA9-B828-5791237A7FEE}.Release|Any CPU.Build.0 = Release|Any CPU
		{55E538AD-54B2-4990-AF85-C79762D42334}.Debug|Any CPU.ActiveCfg = Debug|Any CPU
		{55E538AD-54B2-4990-AF85-C79762D42334}.Debug|Any CPU.Build.0 = Debug|Any CPU
		{55E538AD-54B2-4990-AF85-C79762D42334}.Release|Any CPU.ActiveCfg = Release|Any CPU
		{55E538AD-54B2-4990-AF85-C79762D42334}.Release|Any CPU.Build.0 = Release|Any CPU
	EndGlobalSection
	GlobalSection(SolutionProperties) = preSolution
		HideSolutionNode = FALSE
	EndGlobalSection
	GlobalSection(ExtensibilityGlobals) = postSolution
		SolutionGuid = {B208DB77-4C13-4E4D-8A83-042D470C6B72}
	EndGlobalSection
EndGlobal
